# This file is automatically @generated by Poetry 1.7.0 and should not be changed by hand.

[[package]]
name = "black"
version = "23.12.1"
description = "The uncompromising code formatter."
category = "dev"
optional = false
python-versions = ">=3.8"

[package.dependencies]
click = ">=8.0.0"
mypy-extensions = ">=0.4.3"
pathspec = ">=0.9.0"
platformdirs = ">=2"

[metadata]
lock-version = "2.0"
python-versions = "^3.10"
content-hash = "abc123def456abc123def456abc123def456abc123def456abc123def456abc123"
